{
  "name": "digital-time-capsule-satyam",
  "version": "1.1.0",
  "lockfileVersion": 3,
  "requires": true,
  "packages": {
    "": {
      "name": "digital-time-capsule-satyam",
      "version": "1.1.0",
      "license": "MIT",
      "dependencies": {
        "digital-time-capsule-satyam": "^1.0.1"
      }
    },
    "node_modules/digital-time-capsule-satyam": {
      "version": "1.0.1",
      "resolved": "https://registry.npmjs.org/digital-time-capsule-satyam/-/digital-time-capsule-satyam-1.0.1.tgz",
      "integrity": "sha512-nddlM+dABJlmOxChkHzfzPasUCDhxKJkDaSzW/4HaGM1TvNETzK8ramf1WBVL52yrsWyC2Ziv7cZA+6k2RN2XQ==",
      "license": "MIT",
      "dependencies": {
        "digital-time-capsule-satyam": "^1.0.0"
      }
    }
  }
}
